
Microsoft Visual Studio Solution File, Format Version 12.00
# Visual Studio Version 17
VisualStudioVersion = 17.11.35312.102
MinimumVisualStudioVersion = 10.0.40219.1
Project("{FAE04EC0-301F-11D3-BF4B-00C04F79EFBC}") = "Obligatorisk opgave 4 - Client", "Obligatorisk opgave 4 - Client\Obligatorisk opgave 4 - Client.csproj", "{152B373C-A9B0-4EB9-8AC2-C9BC5032E5C4}"
EndProject
Global
	GlobalSection(SolutionConfigurationPlatforms) = preSolution
		Debug|Any CPU = Debug|Any CPU
		Release|Any CPU = Release|Any CPU
	EndGlobalSection
	GlobalSection(ProjectConfigurationPlatforms) = postSolution
		{152B373C-A9B0-4EB9-8AC2-C9BC5032E5C4}.Debug|Any CPU.ActiveCfg = Debug|Any CPU
		{152B373C-A9B0-4EB9-8AC2-C9BC5032E5C4}.Debug|Any CPU.Build.0 = Debug|Any CPU
		{152B373C-A9B0-4EB9-8AC2-C9BC5032E5C4}.Release|Any CPU.ActiveCfg = Release|Any CPU
		{152B373C-A9B0-4EB9-8AC2-C9BC5032E5C4}.Release|Any CPU.Build.0 = Release|Any CPU
	EndGlobalSection
	GlobalSection(SolutionProperties) = preSolution
		HideSolutionNode = FALSE
	EndGlobalSection
	GlobalSection(ExtensibilityGlobals) = postSolution
		SolutionGuid = {FEE18671-889A-4B6E-8CF3-B2234F69FBD2}
	EndGlobalSection
EndGlobal
